
Microsoft Visual Studio Solution File, Format Version 12.00
# Visual Studio Version 17
VisualStudioVersion = 17.14.37216.2 d17.14
MinimumVisualStudioVersion = 10.0.40219.1
Project("{FAE04EC0-301F-11D3-BF4B-00C04F79EFBC}") = "CryptoTool", "CryptoTool\CryptoTool.csproj", "{ACFF3356-B0A5-4699-8018-E43F07437C96}"
EndProject
Global
	GlobalSection(SolutionConfigurationPlatforms) = preSolution
		Debug|Any CPU = Debug|Any CPU
		Release|Any CPU = Release|Any CPU
	EndGlobalSection
	GlobalSection(ProjectConfigurationPlatforms) = postSolution
		{ACFF3356-B0A5-4699-8018-E43F07437C96}.Debug|Any CPU.ActiveCfg = Debug|Any CPU
		{ACFF3356-B0A5-4699-8018-E43F07437C96}.Debug|Any CPU.Build.0 = Debug|Any CPU
		{ACFF3356-B0A5-4699-8018-E43F07437C96}.Release|Any CPU.ActiveCfg = Release|Any CPU
		{ACFF3356-B0A5-4699-8018-E43F07437C96}.Release|Any CPU.Build.0 = Release|Any CPU
	EndGlobalSection
	GlobalSection(SolutionProperties) = preSolution
		HideSolutionNode = FALSE
	EndGlobalSection
	GlobalSection(ExtensibilityGlobals) = postSolution
		SolutionGuid = {DDE01EF1-1D5C-467D-A4A6-FD399A4E1752}
	EndGlobalSection
EndGlobal
